
Microsoft Visual Studio Solution File, Format Version 12.00
# Visual Studio Version 17
VisualStudioVersion = 17.12.35527.113
MinimumVisualStudioVersion = 10.0.40219.1
Project("{FAE04EC0-301F-11D3-BF4B-00C04F79EFBC}") = "H.Necessaire.Samples.IoC", "H.Necessaire.Samples.IoC\H.Necessaire.Samples.IoC.csproj", "{39D414D5-C1B2-4F36-8D18-6D5E6A5C0A5A}"
EndProject
Project("{FAE04EC0-301F-11D3-BF4B-00C04F79EFBC}") = "H.Necessaire.Samples.Serialzation", "H.Necessaire.Samples.Serialzation\H.Necessaire.Samples.Serialzation.csproj", "{915082A1-4BE6-43DD-9FE7-86A07E694D36}"
EndProject
Project("{FAE04EC0-301F-11D3-BF4B-00C04F79EFBC}") = "H.Necessaire.Samples.Logging", "H.Necessaire.Samples.Logging\H.Necessaire.Samples.Logging.csproj", "{473D2F33-E8EE-4B38-BBE0-D2733CC7F844}"
EndProject
Project("{FAE04EC0-301F-11D3-BF4B-00C04F79EFBC}") = "H.Necessaire.Samples.Resilience", "H.Necessaire.Samples.Resilience\H.Necessaire.Samples.Resilience.csproj", "{013F708D-E3B0-444B-A110-63EAC6AECF61}"
EndProject
Project("{FAE04EC0-301F-11D3-BF4B-00C04F79EFBC}") = "H.Necessaire.Samples.ThrottleAndDebounce", "H.Necessaire.Samples.ThrottleAndDebounce\H.Necessaire.Samples.ThrottleAndDebounce.csproj", "{DCC9FE35-6271-4545-A0CC-ED57397C0E17}"
EndProject
Project("{FAE04EC0-301F-11D3-BF4B-00C04F79EFBC}") = "H.Necessaire.Samples.Caching", "H.Necessaire.Samples.Caching\H.Necessaire.Samples.Caching.csproj", "{4503EFD4-7FCA-4432-820C-AC08CF4D3CAF}"
EndProject
Project("{FAE04EC0-301F-11D3-BF4B-00C04F79EFBC}") = "H.Necessaire.Samples.DateTimeDerivatives", "H.Necessaire.Samples.DateTimeDerivatives\H.Necessaire.Samples.DateTimeDerivatives.csproj", "{FEF90977-4F5D-4ABD-A6D0-1B2FCD8D2D48}"
EndProject
Project("{FAE04EC0-301F-11D3-BF4B-00C04F79EFBC}") = "H.Necessaire.Samples.SortingAndPagination", "H.Necessaire.Samples.SortingAndPagination\H.Necessaire.Samples.SortingAndPagination.csproj", "{8777F7A0-5AE0-4F3B-9BC6-344FA25E264E}"
EndProject
Project("{FAE04EC0-301F-11D3-BF4B-00C04F79EFBC}") = "H.Necessaire.Samples.DataBin", "H.Necessaire.Samples.DataBin\H.Necessaire.Samples.DataBin.csproj", "{64C52121-91A2-429A-9160-162751B3C63D}"
EndProject
Project("{2150E333-8FDC-42A3-9474-1A3956D46DE8}") = "Core", "Core", "{01317CA2-18DF-4073-A99F-925299BF7851}"
EndProject
Project("{2150E333-8FDC-42A3-9474-1A3956D46DE8}") = "Runtime", "Runtime", "{23E41F29-E9C0-4244-A453-D58156DBF619}"
EndProject
Project("{2150E333-8FDC-42A3-9474-1A3956D46DE8}") = "CLI", "CLI", "{89E56FB6-FDE0-4300-8748-FB227D412F00}"
EndProject
Project("{FAE04EC0-301F-11D3-BF4B-00C04F79EFBC}") = "H.Necessaire.Samples.Runtime.CLI.Basic", "H.Necessaire.Samples.Runtime.CLI.Basic\H.Necessaire.Samples.Runtime.CLI.Basic.csproj", "{236C80E7-CF25-45AF-9A86-A45C24E21C19}"
EndProject
Global
	GlobalSection(SolutionConfigurationPlatforms) = preSolution
		Debug|Any CPU = Debug|Any CPU
		Release|Any CPU = Release|Any CPU
	EndGlobalSection
	GlobalSection(ProjectConfigurationPlatforms) = postSolution
		{39D414D5-C1B2-4F36-8D18-6D5E6A5C0A5A}.Debug|Any CPU.ActiveCfg = Debug|Any CPU
		{39D414D5-C1B2-4F36-8D18-6D5E6A5C0A5A}.Debug|Any CPU.Build.0 = Debug|Any CPU
		{39D414D5-C1B2-4F36-8D18-6D5E6A5C0A5A}.Release|Any CPU.ActiveCfg = Release|Any CPU
		{39D414D5-C1B2-4F36-8D18-6D5E6A5C0A5A}.Release|Any CPU.Build.0 = Release|Any CPU
		{915082A1-4BE6-43DD-9FE7-86A07E694D36}.Debug|Any CPU.ActiveCfg = Debug|Any CPU
		{915082A1-4BE6-43DD-9FE7-86A07E694D36}.Debug|Any CPU.Build.0 = Debug|Any CPU
		{915082A1-4BE6-43DD-9FE7-86A07E694D36}.Release|Any CPU.ActiveCfg = Release|Any CPU
		{915082A1-4BE6-43DD-9FE7-86A07E694D36}.Release|Any CPU.Build.0 = Release|Any CPU
		{473D2F33-E8EE-4B38-BBE0-D2733CC7F844}.Debug|Any CPU.ActiveCfg = Debug|Any CPU
		{473D2F33-E8EE-4B38-BBE0-D2733CC7F844}.Debug|Any CPU.Build.0 = Debug|Any CPU
		{473D2F33-E8EE-4B38-BBE0-D2733CC7F844}.Release|Any CPU.ActiveCfg = Release|Any CPU
		{473D2F33-E8EE-4B38-BBE0-D2733CC7F844}.Release|Any CPU.Build.0 = Release|Any CPU
		{013F708D-E3B0-444B-A110-63EAC6AECF61}.Debug|Any CPU.ActiveCfg = Debug|Any CPU
		{013F708D-E3B0-444B-A110-63EAC6AECF61}.Debug|Any CPU.Build.0 = Debug|Any CPU
		{013F708D-E3B0-444B-A110-63EAC6AECF61}.Release|Any CPU.ActiveCfg = Release|Any CPU
		{013F708D-E3B0-444B-A110-63EAC6AECF61}.Release|Any CPU.Build.0 = Release|Any CPU
		{DCC9FE35-6271-4545-A0CC-ED57397C0E17}.Debug|Any CPU.ActiveCfg = Debug|Any CPU
		{DCC9FE35-6271-4545-A0CC-ED57397C0E17}.Debug|Any CPU.Build.0 = Debug|Any CPU
		{DCC9FE35-6271-4545-A0CC-ED57397C0E17}.Release|Any CPU.ActiveCfg = Release|Any CPU
		{DCC9FE35-6271-4545-A0CC-ED57397C0E17}.Release|Any CPU.Build.0 = Release|Any CPU
		{4503EFD4-7FCA-4432-820C-AC08CF4D3CAF}.Debug|Any CPU.ActiveCfg = Debug|Any CPU
		{4503EFD4-7FCA-4432-820C-AC08CF4D3CAF}.Debug|Any CPU.Build.0 = Debug|Any CPU
		{4503EFD4-7FCA-4432-820C-AC08CF4D3CAF}.Release|Any CPU.ActiveCfg = Release|Any CPU
		{4503EFD4-7FCA-4432-820C-AC08CF4D3CAF}.Release|Any CPU.Build.0 = Release|Any CPU
		{FEF90977-4F5D-4ABD-A6D0-1B2FCD8D2D48}.Debug|Any CPU.ActiveCfg = Debug|Any CPU
		{FEF90977-4F5D-4ABD-A6D0-1B2FCD8D2D48}.Debug|Any CPU.Build.0 = Debug|Any CPU
		{FEF90977-4F5D-4ABD-A6D0-1B2FCD8D2D48}.Release|Any CPU.ActiveCfg = Release|Any CPU
		{FEF90977-4F5D-4ABD-A6D0-1B2FCD8D2D48}.Release|Any CPU.Build.0 = Release|Any CPU
		{8777F7A0-5AE0-4F3B-9BC6-344FA25E264E}.Debug|Any CPU.ActiveCfg = Debug|Any CPU
		{8777F7A0-5AE0-4F3B-9BC6-344FA25E264E}.Debug|Any CPU.Build.0 = Debug|Any CPU
		{8777F7A0-5AE0-4F3B-9BC6-344FA25E264E}.Release|Any CPU.ActiveCfg = Release|Any CPU
		{8777F7A0-5AE0-4F3B-9BC6-344FA25E264E}.Release|Any CPU.Build.0 = Release|Any CPU
		{64C52121-91A2-429A-9160-162751B3C63D}.Debug|Any CPU.ActiveCfg = Debug|Any CPU
		{64C52121-91A2-429A-9160-162751B3C63D}.Debug|Any CPU.Build.0 = Debug|Any CPU
		{64C52121-91A2-429A-9160-162751B3C63D}.Release|Any CPU.ActiveCfg = Release|Any CPU
		{64C52121-91A2-429A-9160-162751B3C63D}.Release|Any CPU.Build.0 = Release|Any CPU
		{236C80E7-CF25-45AF-9A86-A45C24E21C19}.Debug|Any CPU.ActiveCfg = Debug|Any CPU
		{236C80E7-CF25-45AF-9A86-A45C24E21C19}.Debug|Any CPU.Build.0 = Debug|Any CPU
		{236C80E7-CF25-45AF-9A86-A45C24E21C19}.Release|Any CPU.ActiveCfg = Release|Any CPU
		{236C80E7-CF25-45AF-9A86-A45C24E21C19}.Release|Any CPU.Build.0 = Release|Any CPU
	EndGlobalSection
	GlobalSection(SolutionProperties) = preSolution
		HideSolutionNode = FALSE
	EndGlobalSection
	GlobalSection(NestedProjects) = preSolution
		{39D414D5-C1B2-4F36-8D18-6D5E6A5C0A5A} = {01317CA2-18DF-4073-A99F-925299BF7851}
		{915082A1-4BE6-43DD-9FE7-86A07E694D36} = {01317CA2-18DF-4073-A99F-925299BF7851}
		{473D2F33-E8EE-4B38-BBE0-D2733CC7F844} = {01317CA2-18DF-4073-A99F-925299BF7851}
		{013F708D-E3B0-444B-A110-63EAC6AECF61} = {01317CA2-18DF-4073-A99F-925299BF7851}
		{DCC9FE35-6271-4545-A0CC-ED57397C0E17} = {01317CA2-18DF-4073-A99F-925299BF7851}
		{4503EFD4-7FCA-4432-820C-AC08CF4D3CAF} = {01317CA2-18DF-4073-A99F-925299BF7851}
		{FEF90977-4F5D-4ABD-A6D0-1B2FCD8D2D48} = {01317CA2-18DF-4073-A99F-925299BF7851}
		{8777F7A0-5AE0-4F3B-9BC6-344FA25E264E} = {01317CA2-18DF-4073-A99F-925299BF7851}
		{64C52121-91A2-429A-9160-162751B3C63D} = {01317CA2-18DF-4073-A99F-925299BF7851}
		{89E56FB6-FDE0-4300-8748-FB227D412F00} = {23E41F29-E9C0-4244-A453-D58156DBF619}
		{236C80E7-CF25-45AF-9A86-A45C24E21C19} = {89E56FB6-FDE0-4300-8748-FB227D412F00}
	EndGlobalSection
EndGlobal
