
Microsoft Visual Studio Solution File, Format Version 12.00
# Visual Studio Version 17
VisualStudioVersion = 17.12.35527.113
MinimumVisualStudioVersion = 10.0.40219.1
Project("{FAE04EC0-301F-11D3-BF4B-00C04F79EFBC}") = "H.Necessaire.Samples.IoC", "H.Necessaire.Samples.IoC\H.Necessaire.Samples.IoC.csproj", "{39D414D5-C1B2-4F36-8D18-6D5E6A5C0A5A}"
EndProject
Project("{FAE04EC0-301F-11D3-BF4B-00C04F79EFBC}") = "H.Necessaire.Samples.Serialzation", "H.Necessaire.Samples.Serialzation\H.Necessaire.Samples.Serialzation.csproj", "{915082A1-4BE6-43DD-9FE7-86A07E694D36}"
EndProject
Global
	GlobalSection(SolutionConfigurationPlatforms) = preSolution
		Debug|Any CPU = Debug|Any CPU
		Release|Any CPU = Release|Any CPU
	EndGlobalSection
	GlobalSection(ProjectConfigurationPlatforms) = postSolution
		{39D414D5-C1B2-4F36-8D18-6D5E6A5C0A5A}.Debug|Any CPU.ActiveCfg = Debug|Any CPU
		{39D414D5-C1B2-4F36-8D18-6D5E6A5C0A5A}.Debug|Any CPU.Build.0 = Debug|Any CPU
		{39D414D5-C1B2-4F36-8D18-6D5E6A5C0A5A}.Release|Any CPU.ActiveCfg = Release|Any CPU
		{39D414D5-C1B2-4F36-8D18-6D5E6A5C0A5A}.Release|Any CPU.Build.0 = Release|Any CPU
		{915082A1-4BE6-43DD-9FE7-86A07E694D36}.Debug|Any CPU.ActiveCfg = Debug|Any CPU
		{915082A1-4BE6-43DD-9FE7-86A07E694D36}.Debug|Any CPU.Build.0 = Debug|Any CPU
		{915082A1-4BE6-43DD-9FE7-86A07E694D36}.Release|Any CPU.ActiveCfg = Release|Any CPU
		{915082A1-4BE6-43DD-9FE7-86A07E694D36}.Release|Any CPU.Build.0 = Release|Any CPU
	EndGlobalSection
	GlobalSection(SolutionProperties) = preSolution
		HideSolutionNode = FALSE
	EndGlobalSection
EndGlobal
